// !$*UTF8*$!
{
	archiveVersion = 1;
	classes = {
	};
	objectVersion = 46;
	objects = {

/* Begin PBXBuildFile section */
		D06D934D1D4130A500681BDB /* AppDelegate.swift in Sources */ = {isa = PBXBuildFile; fileRef = D06D934C1D4130A500681BDB /* AppDelegate.swift */; };
		D06D934F1D4130A500681BDB /* ViewController.swift in Sources */ = {isa = PBXBuildFile; fileRef = D06D934E1D4130A500681BDB /* ViewController.swift */; };
		D06D93521D4130A500681BDB /* Main.storyboard in Resources */ = {isa = PBXBuildFile; fileRef = D06D93501D4130A500681BDB /* Main.storyboard */; };
		D06D93541D4130A500681BDB /* Assets.xcassets in Resources */ = {isa = PBXBuildFile; fileRef = D06D93531D4130A500681BDB /* Assets.xcassets */; };
		D06D93571D4130A500681BDB /* LaunchScreen.storyboard in Resources */ = {isa = PBXBuildFile; fileRef = D06D93551D4130A500681BDB /* LaunchScreen.storyboard */; };
/* End PBXBuildFile section */

/* Begin PBXFileReference section */
		D06D93491D4130A500681BDB /* AutoLayoutInDepth.app */ = {isa = PBXFileReference; explicitFileType = wrapper.application; includeInIndex = 0; path = AutoLayoutInDepth.app; sourceTree = BUILT_PRODUCTS_DIR; };
		D06D934C1D4130A500681BDB /* AppDelegate.swift */ = {isa = PBXFileReference; lastKnownFileType = sourcecode.swift; path = AppDelegate.swift; sourceTree = "<group>"; };
		D06D934E1D4130A500681BDB /* ViewController.swift */ = {isa = PBXFileReference; lastKnownFileType = sourcecode.swift; path = ViewController.swift; sourceTree = "<group>"; };
		D06D93511D4130A500681BDB /* Base */ = {isa = PBXFileReference; lastKnownFileType = file.storyboard; name = Base; path = Base.lproj/Main.storyboard; sourceTree = "<group>"; };
		D06D93531D4130A500681BDB /* Assets.xcassets */ = {isa = PBXFileReference; lastKnownFileType = folder.assetcatalog; path = Assets.xcassets; sourceTree = "<group>"; };
		D06D93561D4130A500681BDB /* Base */ = {isa = PBXFileReference; lastKnownFileType = file.storyboard; name = Base; path = Base.lproj/LaunchScreen.storyboard; sourceTree = "<group>"; };
		D06D93581D4130A500681BDB /* Info.plist */ = {isa = PBXFileReference; lastKnownFileType = text.plist.xml; path = Info.plist; sourceTree = "<group>"; };
/* End PBXFileReference section */

/* Begin PBXFrameworksBuildPhase section */
		D06D93461D4130A500681BDB /* Frameworks */ = {
			isa = PBXFrameworksBuildPhase;
			buildActionMask = 2147483647;
			files = (
			);
			runOnlyForDeploymentPostprocessing = 0;
		};
/* End PBXFrameworksBuildPhase section */

/* Begin PBXGroup section */
		D06D93401D4130A500681BDB = {
			isa = PBXGroup;
			children = (
				D06D934B1D4130A500681BDB /* AutoLayoutInDepth */,
				D06D934A1D4130A500681BDB /* Products */,
			);
			sourceTree = "<group>";
		};
		D06D934A1D4130A500681BDB /* Products */ = {
			isa = PBXGroup;
			children = (
				D06D93491D4130A500681BDB /* AutoLayoutInDepth.app */,
			);
			name = Products;
			sourceTree = "<group>";
		};
		D06D934B1D4130A500681BDB /* AutoLayoutInDepth */ = {
			isa = PBXGroup;
			children = (
				D06D934C1D4130A500681BDB /* AppDelegate.swift */,
				D06D934E1D4130A500681BDB /* ViewController.swift */,
				D06D93501D4130A500681BDB /* Main.storyboard */,
				D06D93531D4130A500681BDB /* Assets.xcassets */,
				D06D93551D4130A500681BDB /* LaunchScreen.storyboard */,
				D06D93581D4130A500681BDB /* Info.plist */,
			);
			path = AutoLayoutInDepth;
			sourceTree = "<group>";
		};
/* End PBXGroup section */

/* Begin PBXNativeTarget section */
		D06D93481D4130A500681BDB /* AutoLayoutInDepth */ = {
			isa = PBXNativeTarget;
			buildConfigurationList = D06D935B1D4130A500681BDB /* Build configuration list for PBXNativeTarget "AutoLayoutInDepth" */;
			buildPhases = (
				D06D93451D4130A500681BDB /* Sources */,
				D06D93461D4130A500681BDB /* Frameworks */,
				D06D93471D4130A500681BDB /* Resources */,
			);
			buildRules = (
			);
			dependencies = (
			);
			name = AutoLayoutInDepth;
			productName = AutoLayoutInDepth;
			productReference = D06D93491D4130A500681BDB /* AutoLayoutInDepth.app */;
			productType = "com.apple.product-type.application";
		};
/* End PBXNativeTarget section */

/* Begin PBXProject section */
		D06D93411D4130A500681BDB /* Project object */ = {
			isa = PBXProject;
			attributes = {
				LastSwiftUpdateCheck = 0730;
				LastUpgradeCheck = 0730;
				ORGANIZATIONNAME = "Daniel Stepanov";
				TargetAttributes = {
					D06D93481D4130A500681BDB = {
						CreatedOnToolsVersion = 7.3.1;
					};
				};
			};
			buildConfigurationList = D06D93441D4130A500681BDB /* Build configuration list for PBXProject "AutoLayoutInDepth" */;
			compatibilityVersion = "Xcode 3.2";
			developmentRegion = English;
			hasScannedForEncodings = 0;
			knownRegions = (
				en,
				Base,
			);
			mainGroup = D06D93401D4130A500681BDB;
			productRefGroup = D06D934A1D4130A500681BDB /* Products */;
			projectDirPath = "";
			projectRoot = "";
			targets = (
				D06D93481D4130A500681BDB /* AutoLayoutInDepth */,
			);
		};
/* End PBXProject section */

/* Begin PBXResourcesBuildPhase section */
		D06D93471D4130A500681BDB /* Resources */ = {
			isa = PBXResourcesBuildPhase;
			buildActionMask = 2147483647;
			files = (
				D06D93571D4130A500681BDB /* LaunchScreen.storyboard in Resources */,
				D06D93541D4130A500681BDB /* Assets.xcassets in Resources */,
				D06D93521D4130A500681BDB /* Main.storyboard in Resources */,
			);
			runOnlyForDeploymentPostprocessing = 0;
		};
/* End PBXResourcesBuildPhase section */

/* Begin PBXSourcesBuildPhase section */
		D06D93451D4130A500681BDB /* Sources */ = {
			isa = PBXSourcesBuildPhase;
			buildActionMask = 2147483647;
			files = (
				D06D934F1D4130A500681BDB /* ViewController.swift in Sources */,
				D06D934D1D4130A500681BDB /* AppDelegate.swift in Sources */,
			);
			runOnlyForDeploymentPostprocessing = 0;
		};
/* End PBXSourcesBuildPhase section */

/* Begin PBXVariantGroup section */
		D06D93501D4130A500681BDB /* Main.storyboard */ = {
			isa = PBXVariantGroup;
			children = (
				D06D93511D4130A500681BDB /* Base */,
			);
			name = Main.storyboard;
			sourceTree = "<group>";
		};
		D06D93551D4130A500681BDB /* LaunchScreen.storyboard */ = {
			isa = PBXVariantGroup;
			children = (
				D06D93561D4130A500681BDB /* Base */,
			);
			name = LaunchScreen.storyboard;
			sourceTree = "<group>";
		};
/* End PBXVariantGroup section */

/* Begin XCBuildConfiguration section */
		D06D93591D4130A500681BDB /* Debug */ = {
			isa = XCBuildConfiguration;
			buildSettings = {
				ALWAYS_SEARCH_USER_PATHS = NO;
				CLANG_ANALYZER_NONNULL = YES;
				CLANG_CXX_LANGUAGE_STANDARD = "gnu++0x";
				CLANG_CXX_LIBRARY = "libc++";
				CLANG_ENABLE_MODULES = YES;
				CLANG_ENABLE_OBJC_ARC = YES;
				CLANG_WARN_BOOL_CONVERSION = YES;
				CLANG_WARN_CONSTANT_CONVERSION = YES;
				CLANG_WARN_DIRECT_OBJC_ISA_USAGE = YES_ERROR;
				CLANG_WARN_EMPTY_BODY = YES;
				CLANG_WARN_ENUM_CONVERSION = YES;
				CLANG_WARN_INT_CONVERSION = YES;
				CLANG_WARN_OBJC_ROOT_CLASS = YES_ERROR;
				CLANG_WARN_UNREACHABLE_CODE = YES;
				CLANG_WARN__DUPLICATE_METHOD_MATCH = YES;
				"CODE_SIGN_IDENTITY[sdk=iphoneos*]" = "iPhone Developer";
				COPY_PHASE_STRIP = NO;
				DEBUG_INFORMATION_FORMAT = dwarf;
				ENABLE_STRICT_OBJC_MSGSEND = YES;
				ENABLE_TESTABILITY = YES;
				GCC_C_LANGUAGE_STANDARD = gnu99;
				GCC_DYNAMIC_NO_PIC = NO;
				GCC_NO_COMMON_BLOCKS = YES;
				GCC_OPTIMIZATION_LEVEL = 0;
				GCC_PREPROCESSOR_DEFINITIONS = (
					"DEBUG=1",
					"$(inherited)",
				);
				GCC_WARN_64_TO_32_BIT_CONVERSION = YES;
				GCC_WARN_ABOUT_RETURN_TYPE = YES_ERROR;
				GCC_WARN_UNDECLARED_SELECTOR = YES;
				GCC_WARN_UNINITIALIZED_AUTOS = YES_AGGRESSIVE;
				GCC_WARN_UNUSED_FUNCTION = YES;
				GCC_WARN_UNUSED_VARIABLE = YES;
				IPHONEOS_DEPLOYMENT_TARGET = 9.3;
				MTL_ENABLE_DEBUG_INFO = YES;
				ONLY_ACTIVE_ARCH = YES;
				SDKROOT = iphoneos;
				SWIFT_OPTIMIZATION_LEVEL = "-Onone";
			};
			name = Debug;
		};
		D06D935A1D4130A500681BDB /* Release */ = {
			isa = XCBuildConfiguration;
			buildSettings = {
				ALWAYS_SEARCH_USER_PATHS = NO;
				CLANG_ANALYZER_NONNULL = YES;
				CLANG_CXX_LANGUAGE_STANDARD = "gnu++0x";
				CLANG_CXX_LIBRARY = "libc++";
				CLANG_ENABLE_MODULES = YES;
				CLANG_ENABLE_OBJC_ARC = YES;
				CLANG_WARN_BOOL_CONVERSION = YES;
				CLANG_WARN_CONSTANT_CONVERSION = YES;
				CLANG_WARN_DIRECT_OBJC_ISA_USAGE = YES_ERROR;
				CLANG_WARN_EMPTY_BODY = YES;
				CLANG_WARN_ENUM_CONVERSION = YES;
				CLANG_WARN_INT_CONVERSION = YES;
				CLANG_WARN_OBJC_ROOT_CLASS = YES_ERROR;
				CLANG_WARN_UNREACHABLE_CODE = YES;
				CLANG_WARN__DUPLICATE_METHOD_MATCH = YES;
				"CODE_SIGN_IDENTITY[sdk=iphoneos*]" = "iPhone Developer";
				COPY_PHASE_STRIP = NO;
				DEBUG_INFORMATION_FORMAT = "dwarf-with-dsym";
				ENABLE_NS_ASSERTIONS = NO;
				ENABLE_STRICT_OBJC_MSGSEND = YES;
				GCC_C_LANGUAGE_STANDARD = gnu99;
				GCC_NO_COMMON_BLOCKS = YES;
				GCC_WARN_64_TO_32_BIT_CONVERSION = YES;
				GCC_WARN_ABOUT_RETURN_TYPE = YES_ERROR;
				GCC_WARN_UNDECLARED_SELECTOR = YES;
				GCC_WARN_UNINITIALIZED_AUTOS = YES_AGGRESSIVE;
				GCC_WARN_UNUSED_FUNCTION = YES;
				GCC_WARN_UNUSED_VARIABLE = YES;
				IPHONEOS_DEPLOYMENT_TARGET = 9.3;
				MTL_ENABLE_DEBUG_INFO = NO;
				SDKROOT = iphoneos;
				VALIDATE_PRODUCT = YES;
			};
			name = Release;
		};
		D06D935C1D4130A500681BDB /* Debug */ = {
			isa = XCBuildConfiguration;
			buildSettings = {
				ASSETCATALOG_COMPILER_APPICON_NAME = AppIcon;
				INFOPLIST_FILE = AutoLayoutInDepth/Info.plist;
				LD_RUNPATH_SEARCH_PATHS = "$(inherited) @executable_path/Frameworks";
				PRODUCT_BUNDLE_IDENTIFIER = com.danstepanov.AutoLayoutInDepth;
				PRODUCT_NAME = "$(TARGET_NAME)";
			};
			name = Debug;
		};
		D06D935D1D4130A500681BDB /* Release */ = {
			isa = XCBuildConfiguration;
			buildSettings = {
				ASSETCATALOG_COMPILER_APPICON_NAME = AppIcon;
				INFOPLIST_FILE = AutoLayoutInDepth/Info.plist;
				LD_RUNPATH_SEARCH_PATHS = "$(inherited) @executable_path/Frameworks";
				PRODUCT_BUNDLE_IDENTIFIER = com.danstepanov.AutoLayoutInDepth;
				PRODUCT_NAME = "$(TARGET_NAME)";
			};
			name = Release;
		};
/* End XCBuildConfiguration section */

/* Begin XCConfigurationList section */
		D06D93441D4130A500681BDB /* Build configuration list for PBXProject "AutoLayoutInDepth" */ = {
			isa = XCConfigurationList;
			buildConfigurations = (
				D06D93591D4130A500681BDB /* Debug */,
				D06D935A1D4130A500681BDB /* Release */,
			);
			defaultConfigurationIsVisible = 0;
			defaultConfigurationName = Release;
		};
		D06D935B1D4130A500681BDB /* Build configuration list for PBXNativeTarget "AutoLayoutInDepth" */ = {
			isa = XCConfigurationList;
			buildConfigurations = (
				D06D935C1D4130A500681BDB /* Debug */,
				D06D935D1D4130A500681BDB /* Release */,
			);
			defaultConfigurationIsVisible = 0;
		};
/* End XCConfigurationList section */
	};
	rootObject = D06D93411D4130A500681BDB /* Project object */;
}
